// !$*UTF8*$!
{
	archiveVersion = 1;
	classes = {
	};
	objectVersion = 46;
	objects = {

/* Begin PBXBuildFile section */
		1D40D0761CB2041B00F86583 /* MagazinePortada.swift in Sources */ = {isa = PBXBuildFile; fileRef = 1D40D0751CB2041B00F86583 /* MagazinePortada.swift */; };
		1D5185551CAE37D90071B651 /* AppDelegate.swift in Sources */ = {isa = PBXBuildFile; fileRef = 1D5185541CAE37D90071B651 /* AppDelegate.swift */; };
		1D5185571CAE37D90071B651 /* ViewController.swift in Sources */ = {isa = PBXBuildFile; fileRef = 1D5185561CAE37D90071B651 /* ViewController.swift */; };
		1D51855A1CAE37D90071B651 /* Main.storyboard in Resources */ = {isa = PBXBuildFile; fileRef = 1D5185581CAE37D90071B651 /* Main.storyboard */; };
		1D51855C1CAE37D90071B651 /* Assets.xcassets in Resources */ = {isa = PBXBuildFile; fileRef = 1D51855B1CAE37D90071B651 /* Assets.xcassets */; };
		1D51855F1CAE37D90071B651 /* LaunchScreen.storyboard in Resources */ = {isa = PBXBuildFile; fileRef = 1D51855D1CAE37D90071B651 /* LaunchScreen.storyboard */; };
		1D5185681CAE391E0071B651 /* LibraryViewController.swift in Sources */ = {isa = PBXBuildFile; fileRef = 1D5185661CAE391E0071B651 /* LibraryViewController.swift */; };
		1D5185691CAE391E0071B651 /* LibraryViewController.xib in Resources */ = {isa = PBXBuildFile; fileRef = 1D5185671CAE391E0071B651 /* LibraryViewController.xib */; };
		1D51856E1CAE3F1E0071B651 /* BookTableViewCell.swift in Sources */ = {isa = PBXBuildFile; fileRef = 1D51856C1CAE3F1E0071B651 /* BookTableViewCell.swift */; };
		1D51856F1CAE3F1E0071B651 /* BookTableViewCell.xib in Resources */ = {isa = PBXBuildFile; fileRef = 1D51856D1CAE3F1E0071B651 /* BookTableViewCell.xib */; };
		1D5185731CAE428C0071B651 /* WebService.swift in Sources */ = {isa = PBXBuildFile; fileRef = 1D5185721CAE428C0071B651 /* WebService.swift */; };
		1D5185761CAE42CA0071B651 /* TattooConstants.swift in Sources */ = {isa = PBXBuildFile; fileRef = 1D5185751CAE42CA0071B651 /* TattooConstants.swift */; };
		1D5185791CAE42EF0071B651 /* SwiftyJSON.swift in Sources */ = {isa = PBXBuildFile; fileRef = 1D5185781CAE42EF0071B651 /* SwiftyJSON.swift */; };
		1D51857C1CAE430F0071B651 /* Utilidades.swift in Sources */ = {isa = PBXBuildFile; fileRef = 1D51857B1CAE430F0071B651 /* Utilidades.swift */; };
		1D51857E1CAE43500071B651 /* Estudios.swift in Sources */ = {isa = PBXBuildFile; fileRef = 1D51857D1CAE43500071B651 /* Estudios.swift */; };
		1D5185821CAE44130071B651 /* SwiftSpinner.swift in Sources */ = {isa = PBXBuildFile; fileRef = 1D5185811CAE44130071B651 /* SwiftSpinner.swift */; };
		1D5185841CAE46400071B651 /* Extensions.swift in Sources */ = {isa = PBXBuildFile; fileRef = 1D5185831CAE46400071B651 /* Extensions.swift */; };
		1D5185871CAE4C1F0071B651 /* ListMagazinesViewController.swift in Sources */ = {isa = PBXBuildFile; fileRef = 1D5185851CAE4C1F0071B651 /* ListMagazinesViewController.swift */; };
		1D5185881CAE4C1F0071B651 /* ListMagazinesViewController.xib in Resources */ = {isa = PBXBuildFile; fileRef = 1D5185861CAE4C1F0071B651 /* ListMagazinesViewController.xib */; };
		1D51858C1CAE59620071B651 /* MapaViewController.swift in Sources */ = {isa = PBXBuildFile; fileRef = 1D51858A1CAE59620071B651 /* MapaViewController.swift */; };
		1D51858D1CAE59620071B651 /* MapaViewController.xib in Resources */ = {isa = PBXBuildFile; fileRef = 1D51858B1CAE59620071B651 /* MapaViewController.xib */; };
		1D5185921CAE59FC0071B651 /* ArtWork.swift in Sources */ = {isa = PBXBuildFile; fileRef = 1D5185901CAE59FC0071B651 /* ArtWork.swift */; };
		1D5185931CAE59FC0071B651 /* VCMapView.swift in Sources */ = {isa = PBXBuildFile; fileRef = 1D5185911CAE59FC0071B651 /* VCMapView.swift */; };
		1D5185971CAE5E300071B651 /* iCarousel.m in Sources */ = {isa = PBXBuildFile; fileRef = 1D5185961CAE5E300071B651 /* iCarousel.m */; };
		1DF6C4FA1CDD485A00F53D57 /* backgroundApp.png in Resources */ = {isa = PBXBuildFile; fileRef = 1DF6C4F91CDD485A00F53D57 /* backgroundApp.png */; };
		1DFBC21D1CC2A3380071D5CD /* SCLAlertView.swift in Sources */ = {isa = PBXBuildFile; fileRef = 1DFBC21C1CC2A3380071D5CD /* SCLAlertView.swift */; };
		1DFBC2231CC2A7990071D5CD /* NewsTattooDB.xcdatamodeld in Sources */ = {isa = PBXBuildFile; fileRef = 1DFBC2211CC2A7990071D5CD /* NewsTattooDB.xcdatamodeld */; };
		1DFBC2251CC2B2E60071D5CD /* CDEstudios.swift in Sources */ = {isa = PBXBuildFile; fileRef = 1DFBC2241CC2B2E60071D5CD /* CDEstudios.swift */; };
		1DFBC2271CC2B2FC0071D5CD /* CDMagazine.swift in Sources */ = {isa = PBXBuildFile; fileRef = 1DFBC2261CC2B2FC0071D5CD /* CDMagazine.swift */; };
		1DFBC2291CC2B3100071D5CD /* CDGaleria.swift in Sources */ = {isa = PBXBuildFile; fileRef = 1DFBC2281CC2B3100071D5CD /* CDGaleria.swift */; };
		57ED96301CAEE1AF00CF7ACE /* PageMagazineViewController.swift in Sources */ = {isa = PBXBuildFile; fileRef = 57ED962E1CAEE1AF00CF7ACE /* PageMagazineViewController.swift */; };
		57ED96311CAEE1AF00CF7ACE /* PageMagazineViewController.xib in Resources */ = {isa = PBXBuildFile; fileRef = 57ED962F1CAEE1AF00CF7ACE /* PageMagazineViewController.xib */; };
		57ED96341CAEE66E00CF7ACE /* PageDesign.swift in Sources */ = {isa = PBXBuildFile; fileRef = 57ED96331CAEE66E00CF7ACE /* PageDesign.swift */; };
		57ED96361CAEF01600CF7ACE /* Magazine.swift in Sources */ = {isa = PBXBuildFile; fileRef = 57ED96351CAEF01600CF7ACE /* Magazine.swift */; };
		57ED96391CAEFD3500CF7ACE /* PageDesign2.swift in Sources */ = {isa = PBXBuildFile; fileRef = 57ED96381CAEFD3500CF7ACE /* PageDesign2.swift */; };
		57ED963B1CAEFF5F00CF7ACE /* PageDesign3.swift in Sources */ = {isa = PBXBuildFile; fileRef = 57ED963A1CAEFF5F00CF7ACE /* PageDesign3.swift */; };
		57ED96401CAF3FB300CF7ACE /* cac_champagne.ttf in Resources */ = {isa = PBXBuildFile; fileRef = 57ED963C1CAF3FB300CF7ACE /* cac_champagne.ttf */; };
		57ED96431CAF3FB300CF7ACE /* Windsong.ttf in Resources */ = {isa = PBXBuildFile; fileRef = 57ED963F1CAF3FB300CF7ACE /* Windsong.ttf */; };
		57ED96461CAF43EA00CF7ACE /* Sofia-Regular.otf in Resources */ = {isa = PBXBuildFile; fileRef = 57ED96451CAF43EA00CF7ACE /* Sofia-Regular.otf */; };
		57ED96481CAF450B00CF7ACE /* DancingScript-Regular.otf in Resources */ = {isa = PBXBuildFile; fileRef = 57ED96471CAF450B00CF7ACE /* DancingScript-Regular.otf */; };
		57ED964C1CAF480200CF7ACE /* Caviar_Dreams_Bold.ttf in Resources */ = {isa = PBXBuildFile; fileRef = 57ED964B1CAF480200CF7ACE /* Caviar_Dreams_Bold.ttf */; };
		674BE3CF1CC67CDF00EA4EFF /* ImageManager.swift in Sources */ = {isa = PBXBuildFile; fileRef = 674BE3CE1CC67CDF00EA4EFF /* ImageManager.swift */; };
		674BE3D21CC6870200EA4EFF /* Reachability.swift in Sources */ = {isa = PBXBuildFile; fileRef = 674BE3D11CC6870200EA4EFF /* Reachability.swift */; };
		674BE3E41CC6B16100EA4EFF /* FBSDKCoreKit.framework in Frameworks */ = {isa = PBXBuildFile; fileRef = 674BE3E21CC6B16100EA4EFF /* FBSDKCoreKit.framework */; };
		674BE3E51CC6B16100EA4EFF /* FBSDKShareKit.framework in Frameworks */ = {isa = PBXBuildFile; fileRef = 674BE3E31CC6B16100EA4EFF /* FBSDKShareKit.framework */; };
		674BE3EE1CC7D87A00EA4EFF /* FavoritosViewController.swift in Sources */ = {isa = PBXBuildFile; fileRef = 674BE3EC1CC7D87A00EA4EFF /* FavoritosViewController.swift */; };
		674BE3EF1CC7D87A00EA4EFF /* FavoritosViewController.xib in Resources */ = {isa = PBXBuildFile; fileRef = 674BE3ED1CC7D87A00EA4EFF /* FavoritosViewController.xib */; };
		674BE3F21CC7E73000EA4EFF /* FavoritoTableViewCell.swift in Sources */ = {isa = PBXBuildFile; fileRef = 674BE3F01CC7E73000EA4EFF /* FavoritoTableViewCell.swift */; };
		674BE3F31CC7E73000EA4EFF /* FavoritoTableViewCell.xib in Resources */ = {isa = PBXBuildFile; fileRef = 674BE3F11CC7E73000EA4EFF /* FavoritoTableViewCell.xib */; };
		67734EDF1CCEBCF200CE9F7F /* PropagandaViewController.swift in Sources */ = {isa = PBXBuildFile; fileRef = 67734EDD1CCEBCF200CE9F7F /* PropagandaViewController.swift */; };
		67734EE01CCEBCF200CE9F7F /* PropagandaViewController.xib in Resources */ = {isa = PBXBuildFile; fileRef = 67734EDE1CCEBCF200CE9F7F /* PropagandaViewController.xib */; };
		67734EE31CCEC88700CE9F7F /* Promociones.swift in Sources */ = {isa = PBXBuildFile; fileRef = 67734EE21CCEC88700CE9F7F /* Promociones.swift */; };
		67ED8D151D0637A5005B4548 /* LoginViewController.swift in Sources */ = {isa = PBXBuildFile; fileRef = 67ED8D131D0637A5005B4548 /* LoginViewController.swift */; };
		67ED8D161D0637A5005B4548 /* LoginViewController.xib in Resources */ = {isa = PBXBuildFile; fileRef = 67ED8D141D0637A5005B4548 /* LoginViewController.xib */; };
		67ED8D1A1D063CB1005B4548 /* RegisterViewController.swift in Sources */ = {isa = PBXBuildFile; fileRef = 67ED8D181D063CB1005B4548 /* RegisterViewController.swift */; };
		67ED8D1B1D063CB1005B4548 /* RegisterViewController.xib in Resources */ = {isa = PBXBuildFile; fileRef = 67ED8D191D063CB1005B4548 /* RegisterViewController.xib */; };
		67FBFAAE1CE502F500747EEC /* UIImage+Rotation.swift in Sources */ = {isa = PBXBuildFile; fileRef = 67FBFAA11CE502F500747EEC /* UIImage+Rotation.swift */; };
		67FBFAAF1CE502F500747EEC /* UIView+Radius.swift in Sources */ = {isa = PBXBuildFile; fileRef = 67FBFAA21CE502F500747EEC /* UIView+Radius.swift */; };
		67FBFAB01CE502F500747EEC /* Info.plist in Resources */ = {isa = PBXBuildFile; fileRef = 67FBFAA31CE502F500747EEC /* Info.plist */; };
		67FBFAB11CE502F500747EEC /* SKCaptionView.swift in Sources */ = {isa = PBXBuildFile; fileRef = 67FBFAA41CE502F500747EEC /* SKCaptionView.swift */; };
		67FBFAB21CE502F500747EEC /* SKDetectingImageView.swift in Sources */ = {isa = PBXBuildFile; fileRef = 67FBFAA51CE502F500747EEC /* SKDetectingImageView.swift */; };
		67FBFAB31CE502F500747EEC /* SKDetectingView.swift in Sources */ = {isa = PBXBuildFile; fileRef = 67FBFAA61CE502F500747EEC /* SKDetectingView.swift */; };
		67FBFAB41CE502F500747EEC /* SKIndicatorView.swift in Sources */ = {isa = PBXBuildFile; fileRef = 67FBFAA71CE502F500747EEC /* SKIndicatorView.swift */; };
		67FBFAB51CE502F500747EEC /* SKLocalPhoto.swift in Sources */ = {isa = PBXBuildFile; fileRef = 67FBFAA81CE502F500747EEC /* SKLocalPhoto.swift */; };
		67FBFAB61CE502F500747EEC /* SKPhoto.swift in Sources */ = {isa = PBXBuildFile; fileRef = 67FBFAA91CE502F500747EEC /* SKPhoto.swift */; };
		67FBFAB71CE502F500747EEC /* SKPhotoBrowser.bundle in Resources */ = {isa = PBXBuildFile; fileRef = 67FBFAAA1CE502F500747EEC /* SKPhotoBrowser.bundle */; };
		67FBFAB81CE502F500747EEC /* SKPhotoBrowser.swift in Sources */ = {isa = PBXBuildFile; fileRef = 67FBFAAC1CE502F500747EEC /* SKPhotoBrowser.swift */; };
		67FBFAB91CE502F500747EEC /* SKZoomingScrollView.swift in Sources */ = {isa = PBXBuildFile; fileRef = 67FBFAAD1CE502F500747EEC /* SKZoomingScrollView.swift */; };
/* End PBXBuildFile section */

/* Begin PBXFileReference section */
		1D40D0751CB2041B00F86583 /* MagazinePortada.swift */ = {isa = PBXFileReference; fileEncoding = 4; lastKnownFileType = sourcecode.swift; name = MagazinePortada.swift; path = Model/MagazinePortada.swift; sourceTree = "<group>"; };
		1D5185511CAE37D90071B651 /* NewsTattoo.app */ = {isa = PBXFileReference; explicitFileType = wrapper.application; includeInIndex = 0; path = NewsTattoo.app; sourceTree = BUILT_PRODUCTS_DIR; };
		1D5185541CAE37D90071B651 /* AppDelegate.swift */ = {isa = PBXFileReference; lastKnownFileType = sourcecode.swift; path = AppDelegate.swift; sourceTree = "<group>"; };
		1D5185561CAE37D90071B651 /* ViewController.swift */ = {isa = PBXFileReference; lastKnownFileType = sourcecode.swift; path = ViewController.swift; sourceTree = "<group>"; };
		1D5185591CAE37D90071B651 /* Base */ = {isa = PBXFileReference; lastKnownFileType = file.storyboard; name = Base; path = Base.lproj/Main.storyboard; sourceTree = "<group>"; };
		1D51855B1CAE37D90071B651 /* Assets.xcassets */ = {isa = PBXFileReference; lastKnownFileType = folder.assetcatalog; path = Assets.xcassets; sourceTree = "<group>"; };
		1D51855E1CAE37D90071B651 /* Base */ = {isa = PBXFileReference; lastKnownFileType = file.storyboard; name = Base; path = Base.lproj/LaunchScreen.storyboard; sourceTree = "<group>"; };
		1D5185601CAE37D90071B651 /* Info.plist */ = {isa = PBXFileReference; lastKnownFileType = text.plist.xml; path = Info.plist; sourceTree = "<group>"; };
		1D5185661CAE391E0071B651 /* LibraryViewController.swift */ = {isa = PBXFileReference; fileEncoding = 4; lastKnownFileType = sourcecode.swift; name = LibraryViewController.swift; path = View/Library/LibraryViewController.swift; sourceTree = "<group>"; };
		1D5185671CAE391E0071B651 /* LibraryViewController.xib */ = {isa = PBXFileReference; fileEncoding = 4; lastKnownFileType = file.xib; name = LibraryViewController.xib; path = View/Library/LibraryViewController.xib; sourceTree = "<group>"; };
		1D51856C1CAE3F1E0071B651 /* BookTableViewCell.swift */ = {isa = PBXFileReference; fileEncoding = 4; lastKnownFileType = sourcecode.swift; name = BookTableViewCell.swift; path = View/Library/Cell/BookTableViewCell.swift; sourceTree = "<group>"; };
		1D51856D1CAE3F1E0071B651 /* BookTableViewCell.xib */ = {isa = PBXFileReference; fileEncoding = 4; lastKnownFileType = file.xib; name = BookTableViewCell.xib; path = View/Library/Cell/BookTableViewCell.xib; sourceTree = "<group>"; };
		1D5185721CAE428C0071B651 /* WebService.swift */ = {isa = PBXFileReference; fileEncoding = 4; lastKnownFileType = sourcecode.swift; path = WebService.swift; sourceTree = "<group>"; };
		1D5185751CAE42CA0071B651 /* TattooConstants.swift */ = {isa = PBXFileReference; fileEncoding = 4; lastKnownFileType = sourcecode.swift; name = TattooConstants.swift; path = Controller/TattooConstants.swift; sourceTree = "<group>"; };
		1D5185781CAE42EF0071B651 /* SwiftyJSON.swift */ = {isa = PBXFileReference; fileEncoding = 4; lastKnownFileType = sourcecode.swift; path = SwiftyJSON.swift; sourceTree = "<group>"; };
		1D51857B1CAE430F0071B651 /* Utilidades.swift */ = {isa = PBXFileReference; fileEncoding = 4; lastKnownFileType = sourcecode.swift; path = Utilidades.swift; sourceTree = "<group>"; };
		1D51857D1CAE43500071B651 /* Estudios.swift */ = {isa = PBXFileReference; fileEncoding = 4; lastKnownFileType = sourcecode.swift; name = Estudios.swift; path = Model/Estudios.swift; sourceTree = "<group>"; };
		1D5185811CAE44130071B651 /* SwiftSpinner.swift */ = {isa = PBXFileReference; fileEncoding = 4; lastKnownFileType = sourcecode.swift; path = SwiftSpinner.swift; sourceTree = "<group>"; };
		1D5185831CAE46400071B651 /* Extensions.swift */ = {isa = PBXFileReference; fileEncoding = 4; lastKnownFileType = sourcecode.swift; name = Extensions.swift; path = Controller/Extensions.swift; sourceTree = "<group>"; };
		1D5185851CAE4C1F0071B651 /* ListMagazinesViewController.swift */ = {isa = PBXFileReference; fileEncoding = 4; lastKnownFileType = sourcecode.swift; name = ListMagazinesViewController.swift; path = View/ListMagazines/ListMagazinesViewController.swift; sourceTree = "<group>"; };
		1D5185861CAE4C1F0071B651 /* ListMagazinesViewController.xib */ = {isa = PBXFileReference; fileEncoding = 4; lastKnownFileType = file.xib; name = ListMagazinesViewController.xib; path = View/ListMagazines/ListMagazinesViewController.xib; sourceTree = "<group>"; };
		1D51858A1CAE59620071B651 /* MapaViewController.swift */ = {isa = PBXFileReference; fileEncoding = 4; lastKnownFileType = sourcecode.swift; name = MapaViewController.swift; path = View/Mapa/MapaViewController.swift; sourceTree = "<group>"; };
		1D51858B1CAE59620071B651 /* MapaViewController.xib */ = {isa = PBXFileReference; fileEncoding = 4; lastKnownFileType = file.xib; name = MapaViewController.xib; path = View/Mapa/MapaViewController.xib; sourceTree = "<group>"; };
		1D5185901CAE59FC0071B651 /* ArtWork.swift */ = {isa = PBXFileReference; fileEncoding = 4; lastKnownFileType = sourcecode.swift; path = ArtWork.swift; sourceTree = "<group>"; };
		1D5185911CAE59FC0071B651 /* VCMapView.swift */ = {isa = PBXFileReference; fileEncoding = 4; lastKnownFileType = sourcecode.swift; path = VCMapView.swift; sourceTree = "<group>"; };
		1D5185951CAE5E300071B651 /* iCarousel.h */ = {isa = PBXFileReference; fileEncoding = 4; lastKnownFileType = sourcecode.c.h; path = iCarousel.h; sourceTree = "<group>"; };
		1D5185961CAE5E300071B651 /* iCarousel.m */ = {isa = PBXFileReference; fileEncoding = 4; lastKnownFileType = sourcecode.c.objc; path = iCarousel.m; sourceTree = "<group>"; };
		1D5185981CAE5E8E0071B651 /* NewsTattoo-Bridging-Header.h */ = {isa = PBXFileReference; fileEncoding = 4; lastKnownFileType = sourcecode.c.h; path = "NewsTattoo-Bridging-Header.h"; sourceTree = "<group>"; };
		1DF6C4F91CDD485A00F53D57 /* backgroundApp.png */ = {isa = PBXFileReference; lastKnownFileType = image.png; path = backgroundApp.png; sourceTree = "<group>"; };
		1DFBC21C1CC2A3380071D5CD /* SCLAlertView.swift */ = {isa = PBXFileReference; fileEncoding = 4; lastKnownFileType = sourcecode.swift; path = SCLAlertView.swift; sourceTree = "<group>"; };
		1DFBC2221CC2A7990071D5CD /* NewsTattooDB.xcdatamodel */ = {isa = PBXFileReference; lastKnownFileType = wrapper.xcdatamodel; path = NewsTattooDB.xcdatamodel; sourceTree = "<group>"; };
		1DFBC2241CC2B2E60071D5CD /* CDEstudios.swift */ = {isa = PBXFileReference; fileEncoding = 4; lastKnownFileType = sourcecode.swift; name = CDEstudios.swift; path = Model/CDEstudios.swift; sourceTree = "<group>"; };
		1DFBC2261CC2B2FC0071D5CD /* CDMagazine.swift */ = {isa = PBXFileReference; fileEncoding = 4; lastKnownFileType = sourcecode.swift; name = CDMagazine.swift; path = Model/CDMagazine.swift; sourceTree = "<group>"; };
		1DFBC2281CC2B3100071D5CD /* CDGaleria.swift */ = {isa = PBXFileReference; fileEncoding = 4; lastKnownFileType = sourcecode.swift; name = CDGaleria.swift; path = Model/CDGaleria.swift; sourceTree = "<group>"; };
		57ED962E1CAEE1AF00CF7ACE /* PageMagazineViewController.swift */ = {isa = PBXFileReference; fileEncoding = 4; lastKnownFileType = sourcecode.swift; name = PageMagazineViewController.swift; path = View/PageMagazine/PageMagazineViewController.swift; sourceTree = "<group>"; };
		57ED962F1CAEE1AF00CF7ACE /* PageMagazineViewController.xib */ = {isa = PBXFileReference; fileEncoding = 4; lastKnownFileType = file.xib; name = PageMagazineViewController.xib; path = View/PageMagazine/PageMagazineViewController.xib; sourceTree = "<group>"; };
		57ED96331CAEE66E00CF7ACE /* PageDesign.swift */ = {isa = PBXFileReference; fileEncoding = 4; lastKnownFileType = sourcecode.swift; name = PageDesign.swift; path = View/PageMagazine/PageDesign.swift; sourceTree = "<group>"; };
		57ED96351CAEF01600CF7ACE /* Magazine.swift */ = {isa = PBXFileReference; fileEncoding = 4; lastKnownFileType = sourcecode.swift; name = Magazine.swift; path = Model/Magazine.swift; sourceTree = "<group>"; };
		57ED96381CAEFD3500CF7ACE /* PageDesign2.swift */ = {isa = PBXFileReference; fileEncoding = 4; lastKnownFileType = sourcecode.swift; name = PageDesign2.swift; path = View/PageMagazine/PageDesign2.swift; sourceTree = "<group>"; };
		57ED963A1CAEFF5F00CF7ACE /* PageDesign3.swift */ = {isa = PBXFileReference; fileEncoding = 4; lastKnownFileType = sourcecode.swift; name = PageDesign3.swift; path = View/PageMagazine/PageDesign3.swift; sourceTree = "<group>"; };
		57ED963C1CAF3FB300CF7ACE /* cac_champagne.ttf */ = {isa = PBXFileReference; lastKnownFileType = file; name = cac_champagne.ttf; path = Fonts/cac_champagne.ttf; sourceTree = "<group>"; };
		57ED963F1CAF3FB300CF7ACE /* Windsong.ttf */ = {isa = PBXFileReference; lastKnownFileType = file; name = Windsong.ttf; path = Fonts/Windsong.ttf; sourceTree = "<group>"; };
		57ED96451CAF43EA00CF7ACE /* Sofia-Regular.otf */ = {isa = PBXFileReference; lastKnownFileType = file; name = "Sofia-Regular.otf"; path = "Fonts/Sofia-Regular.otf"; sourceTree = "<group>"; };
		57ED96471CAF450B00CF7ACE /* DancingScript-Regular.otf */ = {isa = PBXFileReference; lastKnownFileType = file; name = "DancingScript-Regular.otf"; path = "Fonts/DancingScript-Regular.otf"; sourceTree = "<group>"; };
		57ED964B1CAF480200CF7ACE /* Caviar_Dreams_Bold.ttf */ = {isa = PBXFileReference; lastKnownFileType = file; name = Caviar_Dreams_Bold.ttf; path = Fonts/Caviar_Dreams_Bold.ttf; sourceTree = "<group>"; };
		674BE3CE1CC67CDF00EA4EFF /* ImageManager.swift */ = {isa = PBXFileReference; fileEncoding = 4; lastKnownFileType = sourcecode.swift; name = ImageManager.swift; path = Controller/managerImage/ImageManager.swift; sourceTree = "<group>"; };
		674BE3D11CC6870200EA4EFF /* Reachability.swift */ = {isa = PBXFileReference; fileEncoding = 4; lastKnownFileType = sourcecode.swift; name = Reachability.swift; path = Controller/Reachability/Reachability.swift; sourceTree = "<group>"; };
		674BE3E21CC6B16100EA4EFF /* FBSDKCoreKit.framework */ = {isa = PBXFileReference; lastKnownFileType = wrapper.framework; path = FBSDKCoreKit.framework; sourceTree = "<group>"; };
		674BE3E31CC6B16100EA4EFF /* FBSDKShareKit.framework */ = {isa = PBXFileReference; lastKnownFileType = wrapper.framework; path = FBSDKShareKit.framework; sourceTree = "<group>"; };
		674BE3EC1CC7D87A00EA4EFF /* FavoritosViewController.swift */ = {isa = PBXFileReference; fileEncoding = 4; lastKnownFileType = sourcecode.swift; name = FavoritosViewController.swift; path = View/Favoritos/FavoritosViewController.swift; sourceTree = "<group>"; };
		674BE3ED1CC7D87A00EA4EFF /* FavoritosViewController.xib */ = {isa = PBXFileReference; fileEncoding = 4; lastKnownFileType = file.xib; name = FavoritosViewController.xib; path = View/Favoritos/FavoritosViewController.xib; sourceTree = "<group>"; };
		674BE3F01CC7E73000EA4EFF /* FavoritoTableViewCell.swift */ = {isa = PBXFileReference; fileEncoding = 4; lastKnownFileType = sourcecode.swift; name = FavoritoTableViewCell.swift; path = View/Favoritos/Cell/FavoritoTableViewCell.swift; sourceTree = "<group>"; };
		674BE3F11CC7E73000EA4EFF /* FavoritoTableViewCell.xib */ = {isa = PBXFileReference; fileEncoding = 4; lastKnownFileType = file.xib; name = FavoritoTableViewCell.xib; path = View/Favoritos/Cell/FavoritoTableViewCell.xib; sourceTree = "<group>"; };
		67734EDD1CCEBCF200CE9F7F /* PropagandaViewController.swift */ = {isa = PBXFileReference; fileEncoding = 4; lastKnownFileType = sourcecode.swift; name = PropagandaViewController.swift; path = View/Propraganda/PropagandaViewController.swift; sourceTree = "<group>"; };
		67734EDE1CCEBCF200CE9F7F /* PropagandaViewController.xib */ = {isa = PBXFileReference; fileEncoding = 4; lastKnownFileType = file.xib; name = PropagandaViewController.xib; path = View/Propraganda/PropagandaViewController.xib; sourceTree = "<group>"; };
		67734EE21CCEC88700CE9F7F /* Promociones.swift */ = {isa = PBXFileReference; fileEncoding = 4; lastKnownFileType = sourcecode.swift; name = Promociones.swift; path = Model/Promociones.swift; sourceTree = "<group>"; };
		67ED8D131D0637A5005B4548 /* LoginViewController.swift */ = {isa = PBXFileReference; fileEncoding = 4; lastKnownFileType = sourcecode.swift; name = LoginViewController.swift; path = View/Login/LoginViewController.swift; sourceTree = "<group>"; };
		67ED8D141D0637A5005B4548 /* LoginViewController.xib */ = {isa = PBXFileReference; fileEncoding = 4; lastKnownFileType = file.xib; name = LoginViewController.xib; path = View/Login/LoginViewController.xib; sourceTree = "<group>"; };
		67ED8D181D063CB1005B4548 /* RegisterViewController.swift */ = {isa = PBXFileReference; fileEncoding = 4; lastKnownFileType = sourcecode.swift; name = RegisterViewController.swift; path = View/Register/RegisterViewController.swift; sourceTree = "<group>"; };
		67ED8D191D063CB1005B4548 /* RegisterViewController.xib */ = {isa = PBXFileReference; fileEncoding = 4; lastKnownFileType = file.xib; name = RegisterViewController.xib; path = View/Register/RegisterViewController.xib; sourceTree = "<group>"; };
		67FBFAA11CE502F500747EEC /* UIImage+Rotation.swift */ = {isa = PBXFileReference; fileEncoding = 4; lastKnownFileType = sourcecode.swift; path = "UIImage+Rotation.swift"; sourceTree = "<group>"; };
		67FBFAA21CE502F500747EEC /* UIView+Radius.swift */ = {isa = PBXFileReference; fileEncoding = 4; lastKnownFileType = sourcecode.swift; path = "UIView+Radius.swift"; sourceTree = "<group>"; };
		67FBFAA31CE502F500747EEC /* Info.plist */ = {isa = PBXFileReference; fileEncoding = 4; lastKnownFileType = text.plist.xml; path = Info.plist; sourceTree = "<group>"; };
		67FBFAA41CE502F500747EEC /* SKCaptionView.swift */ = {isa = PBXFileReference; fileEncoding = 4; lastKnownFileType = sourcecode.swift; path = SKCaptionView.swift; sourceTree = "<group>"; };
		67FBFAA51CE502F500747EEC /* SKDetectingImageView.swift */ = {isa = PBXFileReference; fileEncoding = 4; lastKnownFileType = sourcecode.swift; path = SKDetectingImageView.swift; sourceTree = "<group>"; };
		67FBFAA61CE502F500747EEC /* SKDetectingView.swift */ = {isa = PBXFileReference; fileEncoding = 4; lastKnownFileType = sourcecode.swift; path = SKDetectingView.swift; sourceTree = "<group>"; };
		67FBFAA71CE502F500747EEC /* SKIndicatorView.swift */ = {isa = PBXFileReference; fileEncoding = 4; lastKnownFileType = sourcecode.swift; path = SKIndicatorView.swift; sourceTree = "<group>"; };
		67FBFAA81CE502F500747EEC /* SKLocalPhoto.swift */ = {isa = PBXFileReference; fileEncoding = 4; lastKnownFileType = sourcecode.swift; path = SKLocalPhoto.swift; sourceTree = "<group>"; };
		67FBFAA91CE502F500747EEC /* SKPhoto.swift */ = {isa = PBXFileReference; fileEncoding = 4; lastKnownFileType = sourcecode.swift; path = SKPhoto.swift; sourceTree = "<group>"; };
		67FBFAAA1CE502F500747EEC /* SKPhotoBrowser.bundle */ = {isa = PBXFileReference; lastKnownFileType = "wrapper.plug-in"; path = SKPhotoBrowser.bundle; sourceTree = "<group>"; };
		67FBFAAB1CE502F500747EEC /* SKPhotoBrowser.h */ = {isa = PBXFileReference; fileEncoding = 4; lastKnownFileType = sourcecode.c.h; path = SKPhotoBrowser.h; sourceTree = "<group>"; };
		67FBFAAC1CE502F500747EEC /* SKPhotoBrowser.swift */ = {isa = PBXFileReference; fileEncoding = 4; lastKnownFileType = sourcecode.swift; path = SKPhotoBrowser.swift; sourceTree = "<group>"; };
		67FBFAAD1CE502F500747EEC /* SKZoomingScrollView.swift */ = {isa = PBXFileReference; fileEncoding = 4; lastKnownFileType = sourcecode.swift; path = SKZoomingScrollView.swift; sourceTree = "<group>"; };
/* End PBXFileReference section */

/* Begin PBXFrameworksBuildPhase section */
		1D51854E1CAE37D80071B651 /* Frameworks */ = {
			isa = PBXFrameworksBuildPhase;
			buildActionMask = 2147483647;
			files = (
				674BE3E51CC6B16100EA4EFF /* FBSDKShareKit.framework in Frameworks */,
				674BE3E41CC6B16100EA4EFF /* FBSDKCoreKit.framework in Frameworks */,
			);
			runOnlyForDeploymentPostprocessing = 0;
		};
/* End PBXFrameworksBuildPhase section */

/* Begin PBXGroup section */
		1D5185481CAE37D80071B651 = {
			isa = PBXGroup;
			children = (
				1D5185981CAE5E8E0071B651 /* NewsTattoo-Bridging-Header.h */,
				1D5185531CAE37D90071B651 /* NewsTattoo */,
				1D5185521CAE37D90071B651 /* Products */,
			);
			sourceTree = "<group>";
		};
		1D5185521CAE37D90071B651 /* Products */ = {
			isa = PBXGroup;
			children = (
				1D5185511CAE37D90071B651 /* NewsTattoo.app */,
			);
			name = Products;
			sourceTree = "<group>";
		};
		1D5185531CAE37D90071B651 /* NewsTattoo */ = {
			isa = PBXGroup;
			children = (
				1DF6C4F81CDD485A00F53D57 /* Resource */,
				674BE3E11CC6B16100EA4EFF /* Frameworks */,
				57ED96441CAF3FB900CF7ACE /* Fonts */,
				1D51857F1CAE43550071B651 /* Model */,
				1D5185741CAE42910071B651 /* Controller */,
				1D5185541CAE37D90071B651 /* AppDelegate.swift */,
				1D5185561CAE37D90071B651 /* ViewController.swift */,
				1D5185581CAE37D90071B651 /* Main.storyboard */,
				1D51855B1CAE37D90071B651 /* Assets.xcassets */,
				1D51855D1CAE37D90071B651 /* LaunchScreen.storyboard */,
				1D5185601CAE37D90071B651 /* Info.plist */,
				1D51856A1CAE39240071B651 /* View */,
			);
			path = NewsTattoo;
			sourceTree = "<group>";
		};
		1D51856A1CAE39240071B651 /* View */ = {
			isa = PBXGroup;
			children = (
				1D51856B1CAE392E0071B651 /* Library */,
				1D5185891CAE4C240071B651 /* ListMagazines */,
				1D51858E1CAE59660071B651 /* Mapa */,
				57ED96321CAEE1B700CF7ACE /* PageMagazine */,
				674BE3EB1CC7D83B00EA4EFF /* Favoritos */,
				67734EE11CCEBCF600CE9F7F /* Propaganda */,
				67ED8D171D0637AA005B4548 /* Login */,
				67ED8D1C1D063CB5005B4548 /* Register */,
			);
			name = View;
			sourceTree = "<group>";
		};
		1D51856B1CAE392E0071B651 /* Library */ = {
			isa = PBXGroup;
			children = (
				1D5185661CAE391E0071B651 /* LibraryViewController.swift */,
				1D5185671CAE391E0071B651 /* LibraryViewController.xib */,
				1D5185701CAE3F210071B651 /* Cell */,
			);
			name = Library;
			sourceTree = "<group>";
		};
		1D5185701CAE3F210071B651 /* Cell */ = {
			isa = PBXGroup;
			children = (
				1D51856C1CAE3F1E0071B651 /* BookTableViewCell.swift */,
				1D51856D1CAE3F1E0071B651 /* BookTableViewCell.xib */,
			);
			name = Cell;
			sourceTree = "<group>";
		};
		1D5185711CAE428C0071B651 /* WS */ = {
			isa = PBXGroup;
			children = (
				1D5185721CAE428C0071B651 /* WebService.swift */,
			);
			name = WS;
			path = Controller/WS;
			sourceTree = "<group>";
		};
		1D5185741CAE42910071B651 /* Controller */ = {
			isa = PBXGroup;
			children = (
				67FBFA9F1CE502F500747EEC /* SKPhotoBrowser */,
				1DFBC21B1CC2A3380071D5CD /* SCLAlertView */,
				1D5185941CAE5E300071B651 /* iCarousel */,
				1D51858F1CAE59FC0071B651 /* AnnotationMap */,
				1D5185831CAE46400071B651 /* Extensions.swift */,
				1D5185801CAE44130071B651 /* SwiftSpinner */,
				1D51857A1CAE430F0071B651 /* Utilidades */,
				1D5185771CAE42EF0071B651 /* SwiftyJSON */,
				1D5185751CAE42CA0071B651 /* TattooConstants.swift */,
				1D5185711CAE428C0071B651 /* WS */,
				674BE3D01CC67CEB00EA4EFF /* ManagerImage */,
				674BE3D11CC6870200EA4EFF /* Reachability.swift */,
			);
			name = Controller;
			sourceTree = "<group>";
		};
		1D5185771CAE42EF0071B651 /* SwiftyJSON */ = {
			isa = PBXGroup;
			children = (
				1D5185781CAE42EF0071B651 /* SwiftyJSON.swift */,
			);
			name = SwiftyJSON;
			path = Controller/SwiftyJSON;
			sourceTree = "<group>";
		};
		1D51857A1CAE430F0071B651 /* Utilidades */ = {
			isa = PBXGroup;
			children = (
				1D51857B1CAE430F0071B651 /* Utilidades.swift */,
			);
			name = Utilidades;
			path = Controller/Utilidades;
			sourceTree = "<group>";
		};
		1D51857F1CAE43550071B651 /* Model */ = {
			isa = PBXGroup;
			children = (
				1D51857D1CAE43500071B651 /* Estudios.swift */,
				57ED96351CAEF01600CF7ACE /* Magazine.swift */,
				1D40D0751CB2041B00F86583 /* MagazinePortada.swift */,
				67734EE21CCEC88700CE9F7F /* Promociones.swift */,
				1DFBC2211CC2A7990071D5CD /* NewsTattooDB.xcdatamodeld */,
				1DFBC2241CC2B2E60071D5CD /* CDEstudios.swift */,
				1DFBC2261CC2B2FC0071D5CD /* CDMagazine.swift */,
				1DFBC2281CC2B3100071D5CD /* CDGaleria.swift */,
			);
			name = Model;
			sourceTree = "<group>";
		};
		1D5185801CAE44130071B651 /* SwiftSpinner */ = {
			isa = PBXGroup;
			children = (
				1D5185811CAE44130071B651 /* SwiftSpinner.swift */,
			);
			name = SwiftSpinner;
			path = Controller/SwiftSpinner;
			sourceTree = "<group>";
		};
		1D5185891CAE4C240071B651 /* ListMagazines */ = {
			isa = PBXGroup;
			children = (
				1D5185851CAE4C1F0071B651 /* ListMagazinesViewController.swift */,
				1D5185861CAE4C1F0071B651 /* ListMagazinesViewController.xib */,
			);
			name = ListMagazines;
			sourceTree = "<group>";
		};
		1D51858E1CAE59660071B651 /* Mapa */ = {
			isa = PBXGroup;
			children = (
				1D51858A1CAE59620071B651 /* MapaViewController.swift */,
				1D51858B1CAE59620071B651 /* MapaViewController.xib */,
			);
			name = Mapa;
			sourceTree = "<group>";
		};
		1D51858F1CAE59FC0071B651 /* AnnotationMap */ = {
			isa = PBXGroup;
			children = (
				1D5185901CAE59FC0071B651 /* ArtWork.swift */,
				1D5185911CAE59FC0071B651 /* VCMapView.swift */,
			);
			name = AnnotationMap;
			path = Controller/AnnotationMap;
			sourceTree = "<group>";
		};
		1D5185941CAE5E300071B651 /* iCarousel */ = {
			isa = PBXGroup;
			children = (
				1D5185951CAE5E300071B651 /* iCarousel.h */,
				1D5185961CAE5E300071B651 /* iCarousel.m */,
			);
			name = iCarousel;
			path = Controller/iCarousel;
			sourceTree = "<group>";
		};
		1DF6C4F81CDD485A00F53D57 /* Resource */ = {
			isa = PBXGroup;
			children = (
				1DF6C4F91CDD485A00F53D57 /* backgroundApp.png */,
			);
			path = Resource;
			sourceTree = "<group>";
		};
		1DFBC21B1CC2A3380071D5CD /* SCLAlertView */ = {
			isa = PBXGroup;
			children = (
				1DFBC21C1CC2A3380071D5CD /* SCLAlertView.swift */,
			);
			name = SCLAlertView;
			path = Controller/SCLAlertView;
			sourceTree = "<group>";
		};
		57ED96321CAEE1B700CF7ACE /* PageMagazine */ = {
			isa = PBXGroup;
			children = (
				57ED962E1CAEE1AF00CF7ACE /* PageMagazineViewController.swift */,
				57ED962F1CAEE1AF00CF7ACE /* PageMagazineViewController.xib */,
				57ED96371CAEFD0900CF7ACE /* PageDesign */,
			);
			name = PageMagazine;
			sourceTree = "<group>";
		};
		57ED96371CAEFD0900CF7ACE /* PageDesign */ = {
			isa = PBXGroup;
			children = (
				57ED96331CAEE66E00CF7ACE /* PageDesign.swift */,
				57ED96381CAEFD3500CF7ACE /* PageDesign2.swift */,
				57ED963A1CAEFF5F00CF7ACE /* PageDesign3.swift */,
			);
			name = PageDesign;
			sourceTree = "<group>";
		};
		57ED96441CAF3FB900CF7ACE /* Fonts */ = {
			isa = PBXGroup;
			children = (
				57ED964B1CAF480200CF7ACE /* Caviar_Dreams_Bold.ttf */,
				57ED96471CAF450B00CF7ACE /* DancingScript-Regular.otf */,
				57ED96451CAF43EA00CF7ACE /* Sofia-Regular.otf */,
				57ED963C1CAF3FB300CF7ACE /* cac_champagne.ttf */,
				57ED963F1CAF3FB300CF7ACE /* Windsong.ttf */,
			);
			name = Fonts;
			sourceTree = "<group>";
		};
		674BE3D01CC67CEB00EA4EFF /* ManagerImage */ = {
			isa = PBXGroup;
			children = (
				674BE3CE1CC67CDF00EA4EFF /* ImageManager.swift */,
			);
			name = ManagerImage;
			sourceTree = "<group>";
		};
		674BE3E11CC6B16100EA4EFF /* Frameworks */ = {
			isa = PBXGroup;
			children = (
				674BE3E21CC6B16100EA4EFF /* FBSDKCoreKit.framework */,
				674BE3E31CC6B16100EA4EFF /* FBSDKShareKit.framework */,
			);
			path = Frameworks;
			sourceTree = "<group>";
		};
		674BE3EB1CC7D83B00EA4EFF /* Favoritos */ = {
			isa = PBXGroup;
			children = (
				674BE3EC1CC7D87A00EA4EFF /* FavoritosViewController.swift */,
				674BE3ED1CC7D87A00EA4EFF /* FavoritosViewController.xib */,
				674BE3F41CC7E73800EA4EFF /* Cell */,
			);
			name = Favoritos;
			sourceTree = "<group>";
		};
		674BE3F41CC7E73800EA4EFF /* Cell */ = {
			isa = PBXGroup;
			children = (
				674BE3F01CC7E73000EA4EFF /* FavoritoTableViewCell.swift */,
				674BE3F11CC7E73000EA4EFF /* FavoritoTableViewCell.xib */,
			);
			name = Cell;
			sourceTree = "<group>";
		};
		67734EE11CCEBCF600CE9F7F /* Propaganda */ = {
			isa = PBXGroup;
			children = (
				67734EDD1CCEBCF200CE9F7F /* PropagandaViewController.swift */,
				67734EDE1CCEBCF200CE9F7F /* PropagandaViewController.xib */,
			);
			name = Propaganda;
			sourceTree = "<group>";
		};
		67ED8D171D0637AA005B4548 /* Login */ = {
			isa = PBXGroup;
			children = (
				67ED8D131D0637A5005B4548 /* LoginViewController.swift */,
				67ED8D141D0637A5005B4548 /* LoginViewController.xib */,
			);
			name = Login;
			sourceTree = "<group>";
		};
		67ED8D1C1D063CB5005B4548 /* Register */ = {
			isa = PBXGroup;
			children = (
				67ED8D181D063CB1005B4548 /* RegisterViewController.swift */,
				67ED8D191D063CB1005B4548 /* RegisterViewController.xib */,
			);
			name = Register;
			sourceTree = "<group>";
		};
		67FBFA9F1CE502F500747EEC /* SKPhotoBrowser */ = {
			isa = PBXGroup;
			children = (
				67FBFAA01CE502F500747EEC /* extensions */,
				67FBFAA31CE502F500747EEC /* Info.plist */,
				67FBFAA41CE502F500747EEC /* SKCaptionView.swift */,
				67FBFAA51CE502F500747EEC /* SKDetectingImageView.swift */,
				67FBFAA61CE502F500747EEC /* SKDetectingView.swift */,
				67FBFAA71CE502F500747EEC /* SKIndicatorView.swift */,
				67FBFAA81CE502F500747EEC /* SKLocalPhoto.swift */,
				67FBFAA91CE502F500747EEC /* SKPhoto.swift */,
				67FBFAAA1CE502F500747EEC /* SKPhotoBrowser.bundle */,
				67FBFAAB1CE502F500747EEC /* SKPhotoBrowser.h */,
				67FBFAAC1CE502F500747EEC /* SKPhotoBrowser.swift */,
				67FBFAAD1CE502F500747EEC /* SKZoomingScrollView.swift */,
			);
			name = SKPhotoBrowser;
			path = Controller/SKPhotoBrowser;
			sourceTree = "<group>";
		};
		67FBFAA01CE502F500747EEC /* extensions */ = {
			isa = PBXGroup;
			children = (
				67FBFAA11CE502F500747EEC /* UIImage+Rotation.swift */,
				67FBFAA21CE502F500747EEC /* UIView+Radius.swift */,
			);
			path = extensions;
			sourceTree = "<group>";
		};
/* End PBXGroup section */

/* Begin PBXNativeTarget section */
		1D5185501CAE37D80071B651 /* NewsTattoo */ = {
			isa = PBXNativeTarget;
			buildConfigurationList = 1D5185631CAE37D90071B651 /* Build configuration list for PBXNativeTarget "NewsTattoo" */;
			buildPhases = (
				1D51854D1CAE37D80071B651 /* Sources */,
				1D51854E1CAE37D80071B651 /* Frameworks */,
				1D51854F1CAE37D80071B651 /* Resources */,
			);
			buildRules = (
			);
			dependencies = (
			);
			name = NewsTattoo;
			productName = NewsTattoo;
			productReference = 1D5185511CAE37D90071B651 /* NewsTattoo.app */;
			productType = "com.apple.product-type.application";
		};
/* End PBXNativeTarget section */

/* Begin PBXProject section */
		1D5185491CAE37D80071B651 /* Project object */ = {
			isa = PBXProject;
			attributes = {
				LastSwiftUpdateCheck = 0720;
				LastUpgradeCheck = 0800;
				ORGANIZATIONNAME = BKSystem;
				TargetAttributes = {
					1D5185501CAE37D80071B651 = {
						CreatedOnToolsVersion = 7.2;
						DevelopmentTeam = EMEYC2ZY27;
						LastSwiftMigration = 0800;
					};
				};
			};
			buildConfigurationList = 1D51854C1CAE37D80071B651 /* Build configuration list for PBXProject "NewsTattoo" */;
			compatibilityVersion = "Xcode 3.2";
			developmentRegion = English;
			hasScannedForEncodings = 0;
			knownRegions = (
				en,
				Base,
			);
			mainGroup = 1D5185481CAE37D80071B651;
			productRefGroup = 1D5185521CAE37D90071B651 /* Products */;
			projectDirPath = "";
			projectRoot = "";
			targets = (
				1D5185501CAE37D80071B651 /* NewsTattoo */,
			);
		};
/* End PBXProject section */

/* Begin PBXResourcesBuildPhase section */
		1D51854F1CAE37D80071B651 /* Resources */ = {
			isa = PBXResourcesBuildPhase;
			buildActionMask = 2147483647;
			files = (
				67ED8D161D0637A5005B4548 /* LoginViewController.xib in Resources */,
				57ED96401CAF3FB300CF7ACE /* cac_champagne.ttf in Resources */,
				67ED8D1B1D063CB1005B4548 /* RegisterViewController.xib in Resources */,
				674BE3EF1CC7D87A00EA4EFF /* FavoritosViewController.xib in Resources */,
				67FBFAB01CE502F500747EEC /* Info.plist in Resources */,
				1D51858D1CAE59620071B651 /* MapaViewController.xib in Resources */,
				67FBFAB71CE502F500747EEC /* SKPhotoBrowser.bundle in Resources */,
				57ED964C1CAF480200CF7ACE /* Caviar_Dreams_Bold.ttf in Resources */,
				1D51855F1CAE37D90071B651 /* LaunchScreen.storyboard in Resources */,
				57ED96461CAF43EA00CF7ACE /* Sofia-Regular.otf in Resources */,
				1D51855C1CAE37D90071B651 /* Assets.xcassets in Resources */,
				57ED96481CAF450B00CF7ACE /* DancingScript-Regular.otf in Resources */,
				57ED96431CAF3FB300CF7ACE /* Windsong.ttf in Resources */,
				67734EE01CCEBCF200CE9F7F /* PropagandaViewController.xib in Resources */,
				1D5185691CAE391E0071B651 /* LibraryViewController.xib in Resources */,
				674BE3F31CC7E73000EA4EFF /* FavoritoTableViewCell.xib in Resources */,
				1D51855A1CAE37D90071B651 /* Main.storyboard in Resources */,
				1D5185881CAE4C1F0071B651 /* ListMagazinesViewController.xib in Resources */,
				1D51856F1CAE3F1E0071B651 /* BookTableViewCell.xib in Resources */,
				57ED96311CAEE1AF00CF7ACE /* PageMagazineViewController.xib in Resources */,
				1DF6C4FA1CDD485A00F53D57 /* backgroundApp.png in Resources */,
			);
			runOnlyForDeploymentPostprocessing = 0;
		};
/* End PBXResourcesBuildPhase section */

/* Begin PBXSourcesBuildPhase section */
		1D51854D1CAE37D80071B651 /* Sources */ = {
			isa = PBXSourcesBuildPhase;
			buildActionMask = 2147483647;
			files = (
				1D5185761CAE42CA0071B651 /* TattooConstants.swift in Sources */,
				1D51856E1CAE3F1E0071B651 /* BookTableViewCell.swift in Sources */,
				57ED963B1CAEFF5F00CF7ACE /* PageDesign3.swift in Sources */,
				57ED96301CAEE1AF00CF7ACE /* PageMagazineViewController.swift in Sources */,
				67FBFAAF1CE502F500747EEC /* UIView+Radius.swift in Sources */,
				67FBFAB81CE502F500747EEC /* SKPhotoBrowser.swift in Sources */,
				1D51858C1CAE59620071B651 /* MapaViewController.swift in Sources */,
				67FBFAB61CE502F500747EEC /* SKPhoto.swift in Sources */,
				67FBFAB41CE502F500747EEC /* SKIndicatorView.swift in Sources */,
				1DFBC2291CC2B3100071D5CD /* CDGaleria.swift in Sources */,
				67734EE31CCEC88700CE9F7F /* Promociones.swift in Sources */,
				57ED96341CAEE66E00CF7ACE /* PageDesign.swift in Sources */,
				674BE3F21CC7E73000EA4EFF /* FavoritoTableViewCell.swift in Sources */,
				674BE3D21CC6870200EA4EFF /* Reachability.swift in Sources */,
				57ED96391CAEFD3500CF7ACE /* PageDesign2.swift in Sources */,
				67FBFAAE1CE502F500747EEC /* UIImage+Rotation.swift in Sources */,
				1DFBC2231CC2A7990071D5CD /* NewsTattooDB.xcdatamodeld in Sources */,
				1D51857E1CAE43500071B651 /* Estudios.swift in Sources */,
				1D5185571CAE37D90071B651 /* ViewController.swift in Sources */,
				1D51857C1CAE430F0071B651 /* Utilidades.swift in Sources */,
				1D5185821CAE44130071B651 /* SwiftSpinner.swift in Sources */,
				674BE3EE1CC7D87A00EA4EFF /* FavoritosViewController.swift in Sources */,
				1D5185681CAE391E0071B651 /* LibraryViewController.swift in Sources */,
				1DFBC2251CC2B2E60071D5CD /* CDEstudios.swift in Sources */,
				67FBFAB11CE502F500747EEC /* SKCaptionView.swift in Sources */,
				1DFBC2271CC2B2FC0071D5CD /* CDMagazine.swift in Sources */,
				1D5185731CAE428C0071B651 /* WebService.swift in Sources */,
				1DFBC21D1CC2A3380071D5CD /* SCLAlertView.swift in Sources */,
				67734EDF1CCEBCF200CE9F7F /* PropagandaViewController.swift in Sources */,
				1D40D0761CB2041B00F86583 /* MagazinePortada.swift in Sources */,
				67FBFAB21CE502F500747EEC /* SKDetectingImageView.swift in Sources */,
				1D5185791CAE42EF0071B651 /* SwiftyJSON.swift in Sources */,
				67ED8D151D0637A5005B4548 /* LoginViewController.swift in Sources */,
				67FBFAB91CE502F500747EEC /* SKZoomingScrollView.swift in Sources */,
				1D5185921CAE59FC0071B651 /* ArtWork.swift in Sources */,
				1D5185841CAE46400071B651 /* Extensions.swift in Sources */,
				67ED8D1A1D063CB1005B4548 /* RegisterViewController.swift in Sources */,
				67FBFAB51CE502F500747EEC /* SKLocalPhoto.swift in Sources */,
				1D5185931CAE59FC0071B651 /* VCMapView.swift in Sources */,
				67FBFAB31CE502F500747EEC /* SKDetectingView.swift in Sources */,
				674BE3CF1CC67CDF00EA4EFF /* ImageManager.swift in Sources */,
				57ED96361CAEF01600CF7ACE /* Magazine.swift in Sources */,
				1D5185971CAE5E300071B651 /* iCarousel.m in Sources */,
				1D5185871CAE4C1F0071B651 /* ListMagazinesViewController.swift in Sources */,
				1D5185551CAE37D90071B651 /* AppDelegate.swift in Sources */,
			);
			runOnlyForDeploymentPostprocessing = 0;
		};
/* End PBXSourcesBuildPhase section */

/* Begin PBXVariantGroup section */
		1D5185581CAE37D90071B651 /* Main.storyboard */ = {
			isa = PBXVariantGroup;
			children = (
				1D5185591CAE37D90071B651 /* Base */,
			);
			name = Main.storyboard;
			sourceTree = "<group>";
		};
		1D51855D1CAE37D90071B651 /* LaunchScreen.storyboard */ = {
			isa = PBXVariantGroup;
			children = (
				1D51855E1CAE37D90071B651 /* Base */,
			);
			name = LaunchScreen.storyboard;
			sourceTree = "<group>";
		};
/* End PBXVariantGroup section */

/* Begin XCBuildConfiguration section */
		1D5185611CAE37D90071B651 /* Debug */ = {
			isa = XCBuildConfiguration;
			buildSettings = {
				ALWAYS_SEARCH_USER_PATHS = NO;
				CLANG_CXX_LANGUAGE_STANDARD = "gnu++0x";
				CLANG_CXX_LIBRARY = "libc++";
				CLANG_ENABLE_MODULES = YES;
				CLANG_ENABLE_OBJC_ARC = YES;
				CLANG_WARN_BOOL_CONVERSION = YES;
				CLANG_WARN_CONSTANT_CONVERSION = YES;
				CLANG_WARN_DIRECT_OBJC_ISA_USAGE = YES_ERROR;
				CLANG_WARN_EMPTY_BODY = YES;
				CLANG_WARN_ENUM_CONVERSION = YES;
				CLANG_WARN_INFINITE_RECURSION = YES;
				CLANG_WARN_INT_CONVERSION = YES;
				CLANG_WARN_OBJC_ROOT_CLASS = YES_ERROR;
				CLANG_WARN_SUSPICIOUS_MOVE = YES;
				CLANG_WARN_UNREACHABLE_CODE = YES;
				CLANG_WARN__DUPLICATE_METHOD_MATCH = YES;
				CODE_SIGN_IDENTITY = "iPhone Developer";
				"CODE_SIGN_IDENTITY[sdk=iphoneos*]" = "iPhone Developer";
				COPY_PHASE_STRIP = NO;
				DEBUG_INFORMATION_FORMAT = dwarf;
				ENABLE_STRICT_OBJC_MSGSEND = YES;
				ENABLE_TESTABILITY = YES;
				GCC_C_LANGUAGE_STANDARD = gnu99;
				GCC_DYNAMIC_NO_PIC = NO;
				GCC_NO_COMMON_BLOCKS = YES;
				GCC_OPTIMIZATION_LEVEL = 0;
				GCC_PREPROCESSOR_DEFINITIONS = (
					"DEBUG=1",
					"$(inherited)",
				);
				GCC_WARN_64_TO_32_BIT_CONVERSION = YES;
				GCC_WARN_ABOUT_RETURN_TYPE = YES_ERROR;
				GCC_WARN_UNDECLARED_SELECTOR = YES;
				GCC_WARN_UNINITIALIZED_AUTOS = YES_AGGRESSIVE;
				GCC_WARN_UNUSED_FUNCTION = YES;
				GCC_WARN_UNUSED_VARIABLE = YES;
				IPHONEOS_DEPLOYMENT_TARGET = 9.2;
				LD_RUNPATH_SEARCH_PATHS = "@executable_path/Frameworks";
				MTL_ENABLE_DEBUG_INFO = YES;
				ONLY_ACTIVE_ARCH = YES;
				PROVISIONING_PROFILE = "";
				SDKROOT = iphoneos;
				SWIFT_OPTIMIZATION_LEVEL = "-Onone";
			};
			name = Debug;
		};
		1D5185621CAE37D90071B651 /* Release */ = {
			isa = XCBuildConfiguration;
			buildSettings = {
				ALWAYS_SEARCH_USER_PATHS = NO;
				CLANG_CXX_LANGUAGE_STANDARD = "gnu++0x";
				CLANG_CXX_LIBRARY = "libc++";
				CLANG_ENABLE_MODULES = YES;
				CLANG_ENABLE_OBJC_ARC = YES;
				CLANG_WARN_BOOL_CONVERSION = YES;
				CLANG_WARN_CONSTANT_CONVERSION = YES;
				CLANG_WARN_DIRECT_OBJC_ISA_USAGE = YES_ERROR;
				CLANG_WARN_EMPTY_BODY = YES;
				CLANG_WARN_ENUM_CONVERSION = YES;
				CLANG_WARN_INFINITE_RECURSION = YES;
				CLANG_WARN_INT_CONVERSION = YES;
				CLANG_WARN_OBJC_ROOT_CLASS = YES_ERROR;
				CLANG_WARN_SUSPICIOUS_MOVE = YES;
				CLANG_WARN_UNREACHABLE_CODE = YES;
				CLANG_WARN__DUPLICATE_METHOD_MATCH = YES;
				CODE_SIGN_IDENTITY = "iPhone Developer";
				"CODE_SIGN_IDENTITY[sdk=iphoneos*]" = "iPhone Developer";
				COPY_PHASE_STRIP = NO;
				DEBUG_INFORMATION_FORMAT = "dwarf-with-dsym";
				ENABLE_NS_ASSERTIONS = NO;
				ENABLE_STRICT_OBJC_MSGSEND = YES;
				GCC_C_LANGUAGE_STANDARD = gnu99;
				GCC_NO_COMMON_BLOCKS = YES;
				GCC_WARN_64_TO_32_BIT_CONVERSION = YES;
				GCC_WARN_ABOUT_RETURN_TYPE = YES_ERROR;
				GCC_WARN_UNDECLARED_SELECTOR = YES;
				GCC_WARN_UNINITIALIZED_AUTOS = YES_AGGRESSIVE;
				GCC_WARN_UNUSED_FUNCTION = YES;
				GCC_WARN_UNUSED_VARIABLE = YES;
				IPHONEOS_DEPLOYMENT_TARGET = 9.2;
				LD_RUNPATH_SEARCH_PATHS = "@executable_path/Frameworks";
				MTL_ENABLE_DEBUG_INFO = NO;
				PROVISIONING_PROFILE = "";
				SDKROOT = iphoneos;
				SWIFT_OPTIMIZATION_LEVEL = "-Owholemodule";
				VALIDATE_PRODUCT = YES;
			};
			name = Release;
		};
		1D5185641CAE37D90071B651 /* Debug */ = {
			isa = XCBuildConfiguration;
			buildSettings = {
				ALWAYS_EMBED_SWIFT_STANDARD_LIBRARIES = YES;
				ASSETCATALOG_COMPILER_APPICON_NAME = AppIcon;
				CODE_SIGN_IDENTITY = "";
				"CODE_SIGN_IDENTITY[sdk=iphoneos*]" = "iPhone Developer";
				DEVELOPMENT_TEAM = EMEYC2ZY27;
				FRAMEWORK_SEARCH_PATHS = (
					"$(inherited)",
					"$(PROJECT_DIR)",
					"$(PROJECT_DIR)/NewsTattoo/Frameworks",
				);
				INFOPLIST_FILE = NewsTattoo/Info.plist;
				IPHONEOS_DEPLOYMENT_TARGET = 8.0;
				LD_RUNPATH_SEARCH_PATHS = "$(inherited) @executable_path/Frameworks $(SCROOT)";
				PRODUCT_BUNDLE_IDENTIFIER = com.jaco.newstattoo;
				PRODUCT_NAME = "$(TARGET_NAME)";
				PROVISIONING_PROFILE = "3db68f97-914f-48e2-a789-fdc81389e45a";
				PROVISIONING_PROFILE_SPECIFIER = DevelopNewsTattoo;
				SWIFT_OBJC_BRIDGING_HEADER = "$(SRCROOT)/NewsTattoo-Bridging-Header.h";
				SWIFT_VERSION = 2.3;
			};
			name = Debug;
		};
		1D5185651CAE37D90071B651 /* Release */ = {
			isa = XCBuildConfiguration;
			buildSettings = {
				ALWAYS_EMBED_SWIFT_STANDARD_LIBRARIES = YES;
				ASSETCATALOG_COMPILER_APPICON_NAME = AppIcon;
				CODE_SIGN_IDENTITY = "";
				"CODE_SIGN_IDENTITY[sdk=iphoneos*]" = "iPhone Distribution";
				DEVELOPMENT_TEAM = EMEYC2ZY27;
				FRAMEWORK_SEARCH_PATHS = (
					"$(inherited)",
					"$(PROJECT_DIR)",
					"$(PROJECT_DIR)/NewsTattoo/Frameworks",
				);
				INFOPLIST_FILE = NewsTattoo/Info.plist;
				IPHONEOS_DEPLOYMENT_TARGET = 8.0;
				LD_RUNPATH_SEARCH_PATHS = "$(inherited) @executable_path/Frameworks $(SCROOT)";
				PRODUCT_BUNDLE_IDENTIFIER = com.jaco.newstattoo;
				PRODUCT_NAME = "$(TARGET_NAME)";
				PROVISIONING_PROFILE = "0a6b075b-cc03-4dc8-a29b-712ca0044011";
				PROVISIONING_PROFILE_SPECIFIER = jacoNewsTattoo;
				SWIFT_OBJC_BRIDGING_HEADER = "$(SRCROOT)/NewsTattoo-Bridging-Header.h";
				SWIFT_VERSION = 2.3;
			};
			name = Release;
		};
/* End XCBuildConfiguration section */

/* Begin XCConfigurationList section */
		1D51854C1CAE37D80071B651 /* Build configuration list for PBXProject "NewsTattoo" */ = {
			isa = XCConfigurationList;
			buildConfigurations = (
				1D5185611CAE37D90071B651 /* Debug */,
				1D5185621CAE37D90071B651 /* Release */,
			);
			defaultConfigurationIsVisible = 0;
			defaultConfigurationName = Release;
		};
		1D5185631CAE37D90071B651 /* Build configuration list for PBXNativeTarget "NewsTattoo" */ = {
			isa = XCConfigurationList;
			buildConfigurations = (
				1D5185641CAE37D90071B651 /* Debug */,
				1D5185651CAE37D90071B651 /* Release */,
			);
			defaultConfigurationIsVisible = 0;
			defaultConfigurationName = Release;
		};
/* End XCConfigurationList section */

/* Begin XCVersionGroup section */
		1DFBC2211CC2A7990071D5CD /* NewsTattooDB.xcdatamodeld */ = {
			isa = XCVersionGroup;
			children = (
				1DFBC2221CC2A7990071D5CD /* NewsTattooDB.xcdatamodel */,
			);
			currentVersion = 1DFBC2221CC2A7990071D5CD /* NewsTattooDB.xcdatamodel */;
			name = NewsTattooDB.xcdatamodeld;
			path = Model/NewsTattooDB.xcdatamodeld;
			sourceTree = "<group>";
			versionGroupType = wrapper.xcdatamodel;
		};
/* End XCVersionGroup section */
	};
	rootObject = 1D5185491CAE37D80071B651 /* Project object */;
}
